PODS:
  - AFNetworking (2.6.3):
    - AFNetworking/NSURLConnection (= 2.6.3)
    - AFNetworking/NSURLSession (= 2.6.3)
    - AFNetworking/Reachability (= 2.6.3)
    - AFNetworking/Security (= 2.6.3)
    - AFNetworking/Serialization (= 2.6.3)
    - AFNetworking/UIKit (= 2.6.3)
  - AFNetworking/NSURLConnection (2.6.3):
    - AFNetworking/Reachability
    - AFNetworking/Security
    - AFNetworking/Serialization
  - AFNetworking/NSURLSession (2.6.3):
    - AFNetworking/Reachability
    - AFNetworking/Security
    - AFNetworking/Serialization
  - AFNetworking/Reachability (2.6.3)
  - AFNetworking/Security (2.6.3)
  - AFNetworking/Serialization (2.6.3)
  - AFNetworking/UIKit (2.6.3):
    - AFNetworking/NSURLConnection
    - AFNetworking/NSURLSession
  - baiduMap (2.8.1)
  - BmobSDK (2.2.1):
    - WechatOpenSDK (~> 1.7.7)
  - JCore (1.1.5)
  - JPush (3.0.6):
    - JCore (~> 1.1.1)
  - JSONModel (1.7.0)
  - Masonry (1.0.2)
  - SDWebImage (4.0.0):
    - SDWebImage/Core (= 4.0.0)
  - SDWebImage/Core (4.0.0)
  - SVProgressHUD (2.1.2)
  - UMeng (2.2.1)
  - WechatOpenSDK (1.7.8)

DEPENDENCIES:
  - AFNetworking (~> 2.6.3)
  - baiduMap
  - BmobSDK
  - JPush
  - JSONModel
  - Masonry
  - SDWebImage
  - SVProgressHUD
  - UMeng

SPEC CHECKSUMS:
  AFNetworking: cb8d14a848e831097108418f5d49217339d4eb60
  baiduMap: 3529560fb1a6cb3ccdf6b21db16c6c86b0cfef70
  BmobSDK: 952f0ca736deae9d1b6591d72337df7d9072d4f2
  JCore: 9bd9c770c877c583d98b90a68792b8361974c231
  JPush: c41be50eb1a574a66aeb68d237f00a4ec6ec3a82
  JSONModel: 840bc0fcffb24b8454d2c026bf26fea454b8e98d
  Masonry: 7c429b56da9d4ee0bbb3ed77a5ea710d6a5df39e
  SDWebImage: 76a6348bdc74eb5a55dd08a091ef298e56b55e41
  SVProgressHUD: c404a55d78acbeb7ebb78b76d3faf986475a6994
  UMeng: a4fe3231efeb223015d9649e92538dd16a92685f
  WechatOpenSDK: ad1e7be1b66416df847ac50830c798b70c9e365e

PODFILE CHECKSUM: 2b5df3ebf5c8fc36d5b512aef15a017804baaed0

COCOAPODS: 1.2.1
