// !$*UTF8*$!
{
	archiveVersion = 1;
	classes = {
	};
	objectVersion = 46;
	objects = {

/* Begin PBXBuildFile section */
		9294ACBAB80103213E966A1E /* libPods-CaiPiaoApp.a in Frameworks */ = {isa = PBXBuildFile; fileRef = 7E6FFA0F670246B0623C1539 /* libPods-CaiPiaoApp.a */; };
		FC39F3FC1F108A9A00BF300C /* main.m in Sources */ = {isa = PBXBuildFile; fileRef = FC39F3FB1F108A9A00BF300C /* main.m */; };
		FC39F3FF1F108A9A00BF300C /* AppDelegate.m in Sources */ = {isa = PBXBuildFile; fileRef = FC39F3FE1F108A9A00BF300C /* AppDelegate.m */; };
		FC39F4021F108A9A00BF300C /* ViewController.m in Sources */ = {isa = PBXBuildFile; fileRef = FC39F4011F108A9A00BF300C /* ViewController.m */; };
		FC39F4051F108A9A00BF300C /* Main.storyboard in Resources */ = {isa = PBXBuildFile; fileRef = FC39F4031F108A9A00BF300C /* Main.storyboard */; };
		FC39F4071F108A9A00BF300C /* Assets.xcassets in Resources */ = {isa = PBXBuildFile; fileRef = FC39F4061F108A9A00BF300C /* Assets.xcassets */; };
		FC39F40A1F108A9A00BF300C /* LaunchScreen.storyboard in Resources */ = {isa = PBXBuildFile; fileRef = FC39F4081F108A9A00BF300C /* LaunchScreen.storyboard */; };
		FC8B91021F10BF3C004A0933 /* TKTabControllerIniter.m in Sources */ = {isa = PBXBuildFile; fileRef = FC8B91011F10BF3C004A0933 /* TKTabControllerIniter.m */; };
		FC8B91081F10BF9D004A0933 /* UIViewController+Refresh.m in Sources */ = {isa = PBXBuildFile; fileRef = FC8B91071F10BF9D004A0933 /* UIViewController+Refresh.m */; };
		FC8B910B1F10C001004A0933 /* UIColor+theme.m in Sources */ = {isa = PBXBuildFile; fileRef = FC8B910A1F10C001004A0933 /* UIColor+theme.m */; };
		FC8B91101F10C2B7004A0933 /* CPNavigationController.m in Sources */ = {isa = PBXBuildFile; fileRef = FC8B910F1F10C2B7004A0933 /* CPNavigationController.m */; };
		FC93A1F21F17603A00FB8296 /* CPNewsViewController.m in Sources */ = {isa = PBXBuildFile; fileRef = FC93A1F11F17603A00FB8296 /* CPNewsViewController.m */; };
		FC93A1F51F17623100FB8296 /* CPNewsModel.m in Sources */ = {isa = PBXBuildFile; fileRef = FC93A1F41F17623100FB8296 /* CPNewsModel.m */; };
		FC93A1F81F17625D00FB8296 /* TKRequestHandler+News.m in Sources */ = {isa = PBXBuildFile; fileRef = FC93A1F71F17625D00FB8296 /* TKRequestHandler+News.m */; };
		FC93A2041F17693300FB8296 /* CPNewsTableViewCell.m in Sources */ = {isa = PBXBuildFile; fileRef = FC93A2021F17693300FB8296 /* CPNewsTableViewCell.m */; };
		FC93A2051F17693300FB8296 /* CPNewsTableViewCell.xib in Resources */ = {isa = PBXBuildFile; fileRef = FC93A2031F17693300FB8296 /* CPNewsTableViewCell.xib */; };
		FC93A2081F17727200FB8296 /* TKModuleWebViewController.m in Sources */ = {isa = PBXBuildFile; fileRef = FC93A2071F17727200FB8296 /* TKModuleWebViewController.m */; };
		FC93A20C1F17776F00FB8296 /* FANetworkErrorView.m in Sources */ = {isa = PBXBuildFile; fileRef = FC93A20B1F17776F00FB8296 /* FANetworkErrorView.m */; };
		FC93A2171F17877000FB8296 /* CPMapViewController.m in Sources */ = {isa = PBXBuildFile; fileRef = FC93A2161F17877000FB8296 /* CPMapViewController.m */; };
		FCCFD10C1F1331AF00A3094C /* MJRefreshAutoFooter.m in Sources */ = {isa = PBXBuildFile; fileRef = FCCFD0E21F1331AF00A3094C /* MJRefreshAutoFooter.m */; };
		FCCFD10D1F1331AF00A3094C /* MJRefreshBackFooter.m in Sources */ = {isa = PBXBuildFile; fileRef = FCCFD0E41F1331AF00A3094C /* MJRefreshBackFooter.m */; };
		FCCFD10E1F1331AF00A3094C /* MJRefreshComponent.m in Sources */ = {isa = PBXBuildFile; fileRef = FCCFD0E61F1331AF00A3094C /* MJRefreshComponent.m */; };
		FCCFD10F1F1331AF00A3094C /* MJRefreshFooter.m in Sources */ = {isa = PBXBuildFile; fileRef = FCCFD0E81F1331AF00A3094C /* MJRefreshFooter.m */; };
		FCCFD1101F1331AF00A3094C /* MJRefreshHeader.m in Sources */ = {isa = PBXBuildFile; fileRef = FCCFD0EA1F1331AF00A3094C /* MJRefreshHeader.m */; };
		FCCFD1111F1331AF00A3094C /* MJRefreshAutoGifFooter.m in Sources */ = {isa = PBXBuildFile; fileRef = FCCFD0EF1F1331AF00A3094C /* MJRefreshAutoGifFooter.m */; };
		FCCFD1121F1331AF00A3094C /* MJRefreshAutoNormalFooter.m in Sources */ = {isa = PBXBuildFile; fileRef = FCCFD0F11F1331AF00A3094C /* MJRefreshAutoNormalFooter.m */; };
		FCCFD1131F1331AF00A3094C /* MJRefreshAutoStateFooter.m in Sources */ = {isa = PBXBuildFile; fileRef = FCCFD0F31F1331AF00A3094C /* MJRefreshAutoStateFooter.m */; };
		FCCFD1141F1331AF00A3094C /* MJRefreshBackGifFooter.m in Sources */ = {isa = PBXBuildFile; fileRef = FCCFD0F61F1331AF00A3094C /* MJRefreshBackGifFooter.m */; };
		FCCFD1151F1331AF00A3094C /* MJRefreshBackNormalFooter.m in Sources */ = {isa = PBXBuildFile; fileRef = FCCFD0F81F1331AF00A3094C /* MJRefreshBackNormalFooter.m */; };
		FCCFD1161F1331AF00A3094C /* MJRefreshBackStateFooter.m in Sources */ = {isa = PBXBuildFile; fileRef = FCCFD0FA1F1331AF00A3094C /* MJRefreshBackStateFooter.m */; };
		FCCFD1171F1331AF00A3094C /* MJRefreshGifHeader.m in Sources */ = {isa = PBXBuildFile; fileRef = FCCFD0FD1F1331AF00A3094C /* MJRefreshGifHeader.m */; };
		FCCFD1181F1331AF00A3094C /* MJRefreshNormalHeader.m in Sources */ = {isa = PBXBuildFile; fileRef = FCCFD0FF1F1331AF00A3094C /* MJRefreshNormalHeader.m */; };
		FCCFD1191F1331AF00A3094C /* MJRefreshStateHeader.m in Sources */ = {isa = PBXBuildFile; fileRef = FCCFD1011F1331AF00A3094C /* MJRefreshStateHeader.m */; };
		FCCFD11A1F1331AF00A3094C /* MJRefresh.bundle in Resources */ = {isa = PBXBuildFile; fileRef = FCCFD1021F1331AF00A3094C /* MJRefresh.bundle */; };
		FCCFD11B1F1331AF00A3094C /* MJRefreshConst.m in Sources */ = {isa = PBXBuildFile; fileRef = FCCFD1051F1331AF00A3094C /* MJRefreshConst.m */; };
		FCCFD11C1F1331AF00A3094C /* UIScrollView+MJExtension.m in Sources */ = {isa = PBXBuildFile; fileRef = FCCFD1071F1331AF00A3094C /* UIScrollView+MJExtension.m */; };
		FCCFD11D1F1331AF00A3094C /* UIScrollView+MJRefresh.m in Sources */ = {isa = PBXBuildFile; fileRef = FCCFD1091F1331AF00A3094C /* UIScrollView+MJRefresh.m */; };
		FCCFD11E1F1331AF00A3094C /* UIView+MJExtension.m in Sources */ = {isa = PBXBuildFile; fileRef = FCCFD10B1F1331AF00A3094C /* UIView+MJExtension.m */; };
		FCCFD1211F1333E200A3094C /* CPBaseViewController.m in Sources */ = {isa = PBXBuildFile; fileRef = FCCFD1201F1333E200A3094C /* CPBaseViewController.m */; };
		FCCFD1241F1333F500A3094C /* CPBaseTableViewController.m in Sources */ = {isa = PBXBuildFile; fileRef = FCCFD1231F1333F500A3094C /* CPBaseTableViewController.m */; };
		FCCFD12C1F13363400A3094C /* SAMTextView.m in Sources */ = {isa = PBXBuildFile; fileRef = FCCFD1291F13363400A3094C /* SAMTextView.m */; };
		FCCFD12D1F13363400A3094C /* UIView+Utils.m in Sources */ = {isa = PBXBuildFile; fileRef = FCCFD12B1F13363400A3094C /* UIView+Utils.m */; };
		FCCFD1391F13A09100A3094C /* H5ViewController.m in Sources */ = {isa = PBXBuildFile; fileRef = FCCFD1371F13A09100A3094C /* H5ViewController.m */; };
		FCCFD13A1F13A09100A3094C /* H5ViewController.xib in Resources */ = {isa = PBXBuildFile; fileRef = FCCFD1381F13A09100A3094C /* H5ViewController.xib */; };
		FCCFD1411F13B75900A3094C /* CPHomeViewController.m in Sources */ = {isa = PBXBuildFile; fileRef = FCCFD1401F13B75900A3094C /* CPHomeViewController.m */; };
		FCDA605D1F13B80C00371463 /* TKRequestHandler+Home.m in Sources */ = {isa = PBXBuildFile; fileRef = FCDA605C1F13B80C00371463 /* TKRequestHandler+Home.m */; };
		FCDA606F1F13B8AD00371463 /* Reachability.m in Sources */ = {isa = PBXBuildFile; fileRef = FCDA60611F13B8AD00371463 /* Reachability.m */; };
		FCDA60701F13B8AD00371463 /* TKHttpParameter.m in Sources */ = {isa = PBXBuildFile; fileRef = FCDA60631F13B8AD00371463 /* TKHttpParameter.m */; };
		FCDA60711F13B8AD00371463 /* TKNetworkManager.m in Sources */ = {isa = PBXBuildFile; fileRef = FCDA60651F13B8AD00371463 /* TKNetworkManager.m */; };
		FCDA60721F13B8AD00371463 /* TKUploader.m in Sources */ = {isa = PBXBuildFile; fileRef = FCDA60671F13B8AD00371463 /* TKUploader.m */; };
		FCDA60731F13B8AD00371463 /* TKRequestHandler.m in Sources */ = {isa = PBXBuildFile; fileRef = FCDA606A1F13B8AD00371463 /* TKRequestHandler.m */; };
		FCDA60741F13B8AD00371463 /* TKRequestHelper.m in Sources */ = {isa = PBXBuildFile; fileRef = FCDA606C1F13B8AD00371463 /* TKRequestHelper.m */; };
		FCDA60751F13B8AD00371463 /* TKResponseError.m in Sources */ = {isa = PBXBuildFile; fileRef = FCDA606E1F13B8AD00371463 /* TKResponseError.m */; };
		FCDA60781F13B99100371463 /* CPHomeModel.m in Sources */ = {isa = PBXBuildFile; fileRef = FCDA60771F13B99100371463 /* CPHomeModel.m */; };
		FCDA608B1F13BBC200371463 /* NSAttributedString+TKSize.m in Sources */ = {isa = PBXBuildFile; fileRef = FCDA607C1F13BBC200371463 /* NSAttributedString+TKSize.m */; };
		FCDA608C1F13BBC200371463 /* NSDate+Category.m in Sources */ = {isa = PBXBuildFile; fileRef = FCDA607E1F13BBC200371463 /* NSDate+Category.m */; };
		FCDA608D1F13BBC200371463 /* NSDateFormatter+Category.m in Sources */ = {isa = PBXBuildFile; fileRef = FCDA60801F13BBC200371463 /* NSDateFormatter+Category.m */; };
		FCDA608E1F13BBC200371463 /* NSString+Encode.m in Sources */ = {isa = PBXBuildFile; fileRef = FCDA60821F13BBC200371463 /* NSString+Encode.m */; };
		FCDA608F1F13BBC200371463 /* NSString+MD5.m in Sources */ = {isa = PBXBuildFile; fileRef = FCDA60841F13BBC200371463 /* NSString+MD5.m */; };
		FCDA60901F13BBC200371463 /* NSString+TKSize.m in Sources */ = {isa = PBXBuildFile; fileRef = FCDA60861F13BBC200371463 /* NSString+TKSize.m */; };
		FCDA60911F13BBC200371463 /* NSString+ValidateFormat.m in Sources */ = {isa = PBXBuildFile; fileRef = FCDA60881F13BBC200371463 /* NSString+ValidateFormat.m */; };
		FCDA60921F13BBC200371463 /* UIColor+Util.m in Sources */ = {isa = PBXBuildFile; fileRef = FCDA608A1F13BBC200371463 /* UIColor+Util.m */; };
		FCDA60961F147B8B00371463 /* UIBarButtonItem+Navigation.m in Sources */ = {isa = PBXBuildFile; fileRef = FCDA60951F147B8B00371463 /* UIBarButtonItem+Navigation.m */; };
/* End PBXBuildFile section */

/* Begin PBXFileReference section */
		431353601450925F5294D150 /* Pods-CaiPiaoApp.debug.xcconfig */ = {isa = PBXFileReference; includeInIndex = 1; lastKnownFileType = text.xcconfig; name = "Pods-CaiPiaoApp.debug.xcconfig"; path = "Pods/Target Support Files/Pods-CaiPiaoApp/Pods-CaiPiaoApp.debug.xcconfig"; sourceTree = "<group>"; };
		7E6FFA0F670246B0623C1539 /* libPods-CaiPiaoApp.a */ = {isa = PBXFileReference; explicitFileType = archive.ar; includeInIndex = 0; path = "libPods-CaiPiaoApp.a"; sourceTree = BUILT_PRODUCTS_DIR; };
		FC39F3F71F108A9A00BF300C /* CaiPiaoApp.app */ = {isa = PBXFileReference; explicitFileType = wrapper.application; includeInIndex = 0; path = CaiPiaoApp.app; sourceTree = BUILT_PRODUCTS_DIR; };
		FC39F3FB1F108A9A00BF300C /* main.m */ = {isa = PBXFileReference; lastKnownFileType = sourcecode.c.objc; path = main.m; sourceTree = "<group>"; };
		FC39F3FD1F108A9A00BF300C /* AppDelegate.h */ = {isa = PBXFileReference; lastKnownFileType = sourcecode.c.h; path = AppDelegate.h; sourceTree = "<group>"; };
		FC39F3FE1F108A9A00BF300C /* AppDelegate.m */ = {isa = PBXFileReference; lastKnownFileType = sourcecode.c.objc; path = AppDelegate.m; sourceTree = "<group>"; };
		FC39F4001F108A9A00BF300C /* ViewController.h */ = {isa = PBXFileReference; lastKnownFileType = sourcecode.c.h; path = ViewController.h; sourceTree = "<group>"; };
		FC39F4011F108A9A00BF300C /* ViewController.m */ = {isa = PBXFileReference; lastKnownFileType = sourcecode.c.objc; path = ViewController.m; sourceTree = "<group>"; };
		FC39F4041F108A9A00BF300C /* Base */ = {isa = PBXFileReference; lastKnownFileType = file.storyboard; name = Base; path = Base.lproj/Main.storyboard; sourceTree = "<group>"; };
		FC39F4061F108A9A00BF300C /* Assets.xcassets */ = {isa = PBXFileReference; lastKnownFileType = folder.assetcatalog; path = Assets.xcassets; sourceTree = "<group>"; };
		FC39F4091F108A9A00BF300C /* Base */ = {isa = PBXFileReference; lastKnownFileType = file.storyboard; name = Base; path = Base.lproj/LaunchScreen.storyboard; sourceTree = "<group>"; };
		FC39F40B1F108A9A00BF300C /* Info.plist */ = {isa = PBXFileReference; lastKnownFileType = text.plist.xml; path = Info.plist; sourceTree = "<group>"; };
		FC8B91001F10BF3C004A0933 /* TKTabControllerIniter.h */ = {isa = PBXFileReference; fileEncoding = 4; lastKnownFileType = sourcecode.c.h; path = TKTabControllerIniter.h; sourceTree = "<group>"; };
		FC8B91011F10BF3C004A0933 /* TKTabControllerIniter.m */ = {isa = PBXFileReference; fileEncoding = 4; lastKnownFileType = sourcecode.c.objc; path = TKTabControllerIniter.m; sourceTree = "<group>"; };
		FC8B91061F10BF9D004A0933 /* UIViewController+Refresh.h */ = {isa = PBXFileReference; fileEncoding = 4; lastKnownFileType = sourcecode.c.h; path = "UIViewController+Refresh.h"; sourceTree = "<group>"; };
		FC8B91071F10BF9D004A0933 /* UIViewController+Refresh.m */ = {isa = PBXFileReference; fileEncoding = 4; lastKnownFileType = sourcecode.c.objc; path = "UIViewController+Refresh.m"; sourceTree = "<group>"; };
		FC8B91091F10C001004A0933 /* UIColor+theme.h */ = {isa = PBXFileReference; fileEncoding = 4; lastKnownFileType = sourcecode.c.h; path = "UIColor+theme.h"; sourceTree = "<group>"; };
		FC8B910A1F10C001004A0933 /* UIColor+theme.m */ = {isa = PBXFileReference; fileEncoding = 4; lastKnownFileType = sourcecode.c.objc; path = "UIColor+theme.m"; sourceTree = "<group>"; };
		FC8B910C1F10C04C004A0933 /* CaiPiao.pch */ = {isa = PBXFileReference; lastKnownFileType = sourcecode.c.h; path = CaiPiao.pch; sourceTree = "<group>"; };
		FC8B910E1F10C2B7004A0933 /* CPNavigationController.h */ = {isa = PBXFileReference; fileEncoding = 4; lastKnownFileType = sourcecode.c.h; path = CPNavigationController.h; sourceTree = "<group>"; };
		FC8B910F1F10C2B7004A0933 /* CPNavigationController.m */ = {isa = PBXFileReference; fileEncoding = 4; lastKnownFileType = sourcecode.c.objc; path = CPNavigationController.m; sourceTree = "<group>"; };
		FC93A1F01F17603A00FB8296 /* CPNewsViewController.h */ = {isa = PBXFileReference; fileEncoding = 4; lastKnownFileType = sourcecode.c.h; path = CPNewsViewController.h; sourceTree = "<group>"; };
		FC93A1F11F17603A00FB8296 /* CPNewsViewController.m */ = {isa = PBXFileReference; fileEncoding = 4; lastKnownFileType = sourcecode.c.objc; path = CPNewsViewController.m; sourceTree = "<group>"; };
		FC93A1F31F17623100FB8296 /* CPNewsModel.h */ = {isa = PBXFileReference; fileEncoding = 4; lastKnownFileType = sourcecode.c.h; path = CPNewsModel.h; sourceTree = "<group>"; };
		FC93A1F41F17623100FB8296 /* CPNewsModel.m */ = {isa = PBXFileReference; fileEncoding = 4; lastKnownFileType = sourcecode.c.objc; path = CPNewsModel.m; sourceTree = "<group>"; };
		FC93A1F61F17625D00FB8296 /* TKRequestHandler+News.h */ = {isa = PBXFileReference; fileEncoding = 4; lastKnownFileType = sourcecode.c.h; path = "TKRequestHandler+News.h"; sourceTree = "<group>"; };
		FC93A1F71F17625D00FB8296 /* TKRequestHandler+News.m */ = {isa = PBXFileReference; fileEncoding = 4; lastKnownFileType = sourcecode.c.objc; path = "TKRequestHandler+News.m"; sourceTree = "<group>"; };
		FC93A2011F17693300FB8296 /* CPNewsTableViewCell.h */ = {isa = PBXFileReference; fileEncoding = 4; lastKnownFileType = sourcecode.c.h; path = CPNewsTableViewCell.h; sourceTree = "<group>"; };
		FC93A2021F17693300FB8296 /* CPNewsTableViewCell.m */ = {isa = PBXFileReference; fileEncoding = 4; lastKnownFileType = sourcecode.c.objc; path = CPNewsTableViewCell.m; sourceTree = "<group>"; };
		FC93A2031F17693300FB8296 /* CPNewsTableViewCell.xib */ = {isa = PBXFileReference; fileEncoding = 4; lastKnownFileType = file.xib; path = CPNewsTableViewCell.xib; sourceTree = "<group>"; };
		FC93A2061F17727200FB8296 /* TKModuleWebViewController.h */ = {isa = PBXFileReference; fileEncoding = 4; lastKnownFileType = sourcecode.c.h; path = TKModuleWebViewController.h; sourceTree = "<group>"; };
		FC93A2071F17727200FB8296 /* TKModuleWebViewController.m */ = {isa = PBXFileReference; fileEncoding = 4; lastKnownFileType = sourcecode.c.objc; path = TKModuleWebViewController.m; sourceTree = "<group>"; };
		FC93A20A1F17776F00FB8296 /* FANetworkErrorView.h */ = {isa = PBXFileReference; fileEncoding = 4; lastKnownFileType = sourcecode.c.h; path = FANetworkErrorView.h; sourceTree = "<group>"; };
		FC93A20B1F17776F00FB8296 /* FANetworkErrorView.m */ = {isa = PBXFileReference; fileEncoding = 4; lastKnownFileType = sourcecode.c.objc; path = FANetworkErrorView.m; sourceTree = "<group>"; };
		FC93A2151F17877000FB8296 /* CPMapViewController.h */ = {isa = PBXFileReference; fileEncoding = 4; lastKnownFileType = sourcecode.c.h; path = CPMapViewController.h; sourceTree = "<group>"; };
		FC93A2161F17877000FB8296 /* CPMapViewController.m */ = {isa = PBXFileReference; fileEncoding = 4; lastKnownFileType = sourcecode.c.objc; path = CPMapViewController.m; sourceTree = "<group>"; };
		FCCFD0E11F1331AF00A3094C /* MJRefreshAutoFooter.h */ = {isa = PBXFileReference; fileEncoding = 4; lastKnownFileType = sourcecode.c.h; path = MJRefreshAutoFooter.h; sourceTree = "<group>"; };
		FCCFD0E21F1331AF00A3094C /* MJRefreshAutoFooter.m */ = {isa = PBXFileReference; fileEncoding = 4; lastKnownFileType = sourcecode.c.objc; path = MJRefreshAutoFooter.m; sourceTree = "<group>"; };
		FCCFD0E31F1331AF00A3094C /* MJRefreshBackFooter.h */ = {isa = PBXFileReference; fileEncoding = 4; lastKnownFileType = sourcecode.c.h; path = MJRefreshBackFooter.h; sourceTree = "<group>"; };
		FCCFD0E41F1331AF00A3094C /* MJRefreshBackFooter.m */ = {isa = PBXFileReference; fileEncoding = 4; lastKnownFileType = sourcecode.c.objc; path = MJRefreshBackFooter.m; sourceTree = "<group>"; };
		FCCFD0E51F1331AF00A3094C /* MJRefreshComponent.h */ = {isa = PBXFileReference; fileEncoding = 4; lastKnownFileType = sourcecode.c.h; path = MJRefreshComponent.h; sourceTree = "<group>"; };
		FCCFD0E61F1331AF00A3094C /* MJRefreshComponent.m */ = {isa = PBXFileReference; fileEncoding = 4; lastKnownFileType = sourcecode.c.objc; path = MJRefreshComponent.m; sourceTree = "<group>"; };
		FCCFD0E71F1331AF00A3094C /* MJRefreshFooter.h */ = {isa = PBXFileReference; fileEncoding = 4; lastKnownFileType = sourcecode.c.h; path = MJRefreshFooter.h; sourceTree = "<group>"; };
		FCCFD0E81F1331AF00A3094C /* MJRefreshFooter.m */ = {isa = PBXFileReference; fileEncoding = 4; lastKnownFileType = sourcecode.c.objc; path = MJRefreshFooter.m; sourceTree = "<group>"; };
		FCCFD0E91F1331AF00A3094C /* MJRefreshHeader.h */ = {isa = PBXFileReference; fileEncoding = 4; lastKnownFileType = sourcecode.c.h; path = MJRefreshHeader.h; sourceTree = "<group>"; };
		FCCFD0EA1F1331AF00A3094C /* MJRefreshHeader.m */ = {isa = PBXFileReference; fileEncoding = 4; lastKnownFileType = sourcecode.c.objc; path = MJRefreshHeader.m; sourceTree = "<group>"; };
		FCCFD0EE1F1331AF00A3094C /* MJRefreshAutoGifFooter.h */ = {isa = PBXFileReference; fileEncoding = 4; lastKnownFileType = sourcecode.c.h; path = MJRefreshAutoGifFooter.h; sourceTree = "<group>"; };
		FCCFD0EF1F1331AF00A3094C /* MJRefreshAutoGifFooter.m */ = {isa = PBXFileReference; fileEncoding = 4; lastKnownFileType = sourcecode.c.objc; path = MJRefreshAutoGifFooter.m; sourceTree = "<group>"; };
		FCCFD0F01F1331AF00A3094C /* MJRefreshAutoNormalFooter.h */ = {isa = PBXFileReference; fileEncoding = 4; lastKnownFileType = sourcecode.c.h; path = MJRefreshAutoNormalFooter.h; sourceTree = "<group>"; };
		FCCFD0F11F1331AF00A3094C /* MJRefreshAutoNormalFooter.m */ = {isa = PBXFileReference; fileEncoding = 4; lastKnownFileType = sourcecode.c.objc; path = MJRefreshAutoNormalFooter.m; sourceTree = "<group>"; };
		FCCFD0F21F1331AF00A3094C /* MJRefreshAutoStateFooter.h */ = {isa = PBXFileReference; fileEncoding = 4; lastKnownFileType = sourcecode.c.h; path = MJRefreshAutoStateFooter.h; sourceTree = "<group>"; };
		FCCFD0F31F1331AF00A3094C /* MJRefreshAutoStateFooter.m */ = {isa = PBXFileReference; fileEncoding = 4; lastKnownFileType = sourcecode.c.objc; path = MJRefreshAutoStateFooter.m; sourceTree = "<group>"; };
		FCCFD0F51F1331AF00A3094C /* MJRefreshBackGifFooter.h */ = {isa = PBXFileReference; fileEncoding = 4; lastKnownFileType = sourcecode.c.h; path = MJRefreshBackGifFooter.h; sourceTree = "<group>"; };
		FCCFD0F61F1331AF00A3094C /* MJRefreshBackGifFooter.m */ = {isa = PBXFileReference; fileEncoding = 4; lastKnownFileType = sourcecode.c.objc; path = MJRefreshBackGifFooter.m; sourceTree = "<group>"; };
		FCCFD0F71F1331AF00A3094C /* MJRefreshBackNormalFooter.h */ = {isa = PBXFileReference; fileEncoding = 4; lastKnownFileType = sourcecode.c.h; path = MJRefreshBackNormalFooter.h; sourceTree = "<group>"; };
		FCCFD0F81F1331AF00A3094C /* MJRefreshBackNormalFooter.m */ = {isa = PBXFileReference; fileEncoding = 4; lastKnownFileType = sourcecode.c.objc; path = MJRefreshBackNormalFooter.m; sourceTree = "<group>"; };
		FCCFD0F91F1331AF00A3094C /* MJRefreshBackStateFooter.h */ = {isa = PBXFileReference; fileEncoding = 4; lastKnownFileType = sourcecode.c.h; path = MJRefreshBackStateFooter.h; sourceTree = "<group>"; };
		FCCFD0FA1F1331AF00A3094C /* MJRefreshBackStateFooter.m */ = {isa = PBXFileReference; fileEncoding = 4; lastKnownFileType = sourcecode.c.objc; path = MJRefreshBackStateFooter.m; sourceTree = "<group>"; };
		FCCFD0FC1F1331AF00A3094C /* MJRefreshGifHeader.h */ = {isa = PBXFileReference; fileEncoding = 4; lastKnownFileType = sourcecode.c.h; path = MJRefreshGifHeader.h; sourceTree = "<group>"; };
		FCCFD0FD1F1331AF00A3094C /* MJRefreshGifHeader.m */ = {isa = PBXFileReference; fileEncoding = 4; lastKnownFileType = sourcecode.c.objc; path = MJRefreshGifHeader.m; sourceTree = "<group>"; };
		FCCFD0FE1F1331AF00A3094C /* MJRefreshNormalHeader.h */ = {isa = PBXFileReference; fileEncoding = 4; lastKnownFileType = sourcecode.c.h; path = MJRefreshNormalHeader.h; sourceTree = "<group>"; };
		FCCFD0FF1F1331AF00A3094C /* MJRefreshNormalHeader.m */ = {isa = PBXFileReference; fileEncoding = 4; lastKnownFileType = sourcecode.c.objc; path = MJRefreshNormalHeader.m; sourceTree = "<group>"; };
		FCCFD1001F1331AF00A3094C /* MJRefreshStateHeader.h */ = {isa = PBXFileReference; fileEncoding = 4; lastKnownFileType = sourcecode.c.h; path = MJRefreshStateHeader.h; sourceTree = "<group>"; };
		FCCFD1011F1331AF00A3094C /* MJRefreshStateHeader.m */ = {isa = PBXFileReference; fileEncoding = 4; lastKnownFileType = sourcecode.c.objc; path = MJRefreshStateHeader.m; sourceTree = "<group>"; };
		FCCFD1021F1331AF00A3094C /* MJRefresh.bundle */ = {isa = PBXFileReference; lastKnownFileType = "wrapper.plug-in"; path = MJRefresh.bundle; sourceTree = "<group>"; };
		FCCFD1031F1331AF00A3094C /* MJRefresh.h */ = {isa = PBXFileReference; fileEncoding = 4; lastKnownFileType = sourcecode.c.h; path = MJRefresh.h; sourceTree = "<group>"; };
		FCCFD1041F1331AF00A3094C /* MJRefreshConst.h */ = {isa = PBXFileReference; fileEncoding = 4; lastKnownFileType = sourcecode.c.h; path = MJRefreshConst.h; sourceTree = "<group>"; };
		FCCFD1051F1331AF00A3094C /* MJRefreshConst.m */ = {isa = PBXFileReference; fileEncoding = 4; lastKnownFileType = sourcecode.c.objc; path = MJRefreshConst.m; sourceTree = "<group>"; };
		FCCFD1061F1331AF00A3094C /* UIScrollView+MJExtension.h */ = {isa = PBXFileReference; fileEncoding = 4; lastKnownFileType = sourcecode.c.h; path = "UIScrollView+MJExtension.h"; sourceTree = "<group>"; };
		FCCFD1071F1331AF00A3094C /* UIScrollView+MJExtension.m */ = {isa = PBXFileReference; fileEncoding = 4; lastKnownFileType = sourcecode.c.objc; path = "UIScrollView+MJExtension.m"; sourceTree = "<group>"; };
		FCCFD1081F1331AF00A3094C /* UIScrollView+MJRefresh.h */ = {isa = PBXFileReference; fileEncoding = 4; lastKnownFileType = sourcecode.c.h; path = "UIScrollView+MJRefresh.h"; sourceTree = "<group>"; };
		FCCFD1091F1331AF00A3094C /* UIScrollView+MJRefresh.m */ = {isa = PBXFileReference; fileEncoding = 4; lastKnownFileType = sourcecode.c.objc; path = "UIScrollView+MJRefresh.m"; sourceTree = "<group>"; };
		FCCFD10A1F1331AF00A3094C /* UIView+MJExtension.h */ = {isa = PBXFileReference; fileEncoding = 4; lastKnownFileType = sourcecode.c.h; path = "UIView+MJExtension.h"; sourceTree = "<group>"; };
		FCCFD10B1F1331AF00A3094C /* UIView+MJExtension.m */ = {isa = PBXFileReference; fileEncoding = 4; lastKnownFileType = sourcecode.c.objc; path = "UIView+MJExtension.m"; sourceTree = "<group>"; };
		FCCFD11F1F1333E200A3094C /* CPBaseViewController.h */ = {isa = PBXFileReference; fileEncoding = 4; lastKnownFileType = sourcecode.c.h; path = CPBaseViewController.h; sourceTree = "<group>"; };
		FCCFD1201F1333E200A3094C /* CPBaseViewController.m */ = {isa = PBXFileReference; fileEncoding = 4; lastKnownFileType = sourcecode.c.objc; path = CPBaseViewController.m; sourceTree = "<group>"; };
		FCCFD1221F1333F500A3094C /* CPBaseTableViewController.h */ = {isa = PBXFileReference; fileEncoding = 4; lastKnownFileType = sourcecode.c.h; path = CPBaseTableViewController.h; sourceTree = "<group>"; };
		FCCFD1231F1333F500A3094C /* CPBaseTableViewController.m */ = {isa = PBXFileReference; fileEncoding = 4; lastKnownFileType = sourcecode.c.objc; path = CPBaseTableViewController.m; sourceTree = "<group>"; };
		FCCFD1261F13353000A3094C /* TKDefines.h */ = {isa = PBXFileReference; lastKnownFileType = sourcecode.c.h; path = TKDefines.h; sourceTree = "<group>"; };
		FCCFD1281F13363400A3094C /* SAMTextView.h */ = {isa = PBXFileReference; fileEncoding = 4; lastKnownFileType = sourcecode.c.h; path = SAMTextView.h; sourceTree = "<group>"; };
		FCCFD1291F13363400A3094C /* SAMTextView.m */ = {isa = PBXFileReference; fileEncoding = 4; lastKnownFileType = sourcecode.c.objc; path = SAMTextView.m; sourceTree = "<group>"; };
		FCCFD12A1F13363400A3094C /* UIView+Utils.h */ = {isa = PBXFileReference; fileEncoding = 4; lastKnownFileType = sourcecode.c.h; path = "UIView+Utils.h"; sourceTree = "<group>"; };
		FCCFD12B1F13363400A3094C /* UIView+Utils.m */ = {isa = PBXFileReference; fileEncoding = 4; lastKnownFileType = sourcecode.c.objc; path = "UIView+Utils.m"; sourceTree = "<group>"; };
		FCCFD1331F138D3800A3094C /* CaiPiaoApp.entitlements */ = {isa = PBXFileReference; lastKnownFileType = text.plist.entitlements; path = CaiPiaoApp.entitlements; sourceTree = "<group>"; };
		FCCFD1361F13A09100A3094C /* H5ViewController.h */ = {isa = PBXFileReference; fileEncoding = 4; lastKnownFileType = sourcecode.c.h; path = H5ViewController.h; sourceTree = "<group>"; };
		FCCFD1371F13A09100A3094C /* H5ViewController.m */ = {isa = PBXFileReference; fileEncoding = 4; lastKnownFileType = sourcecode.c.objc; path = H5ViewController.m; sourceTree = "<group>"; };
		FCCFD1381F13A09100A3094C /* H5ViewController.xib */ = {isa = PBXFileReference; fileEncoding = 4; lastKnownFileType = file.xib; path = H5ViewController.xib; sourceTree = "<group>"; };
		FCCFD13F1F13B75900A3094C /* CPHomeViewController.h */ = {isa = PBXFileReference; fileEncoding = 4; lastKnownFileType = sourcecode.c.h; path = CPHomeViewController.h; sourceTree = "<group>"; };
		FCCFD1401F13B75900A3094C /* CPHomeViewController.m */ = {isa = PBXFileReference; fileEncoding = 4; lastKnownFileType = sourcecode.c.objc; path = CPHomeViewController.m; sourceTree = "<group>"; };
		FCDA605B1F13B80C00371463 /* TKRequestHandler+Home.h */ = {isa = PBXFileReference; fileEncoding = 4; lastKnownFileType = sourcecode.c.h; path = "TKRequestHandler+Home.h"; sourceTree = "<group>"; };
		FCDA605C1F13B80C00371463 /* TKRequestHandler+Home.m */ = {isa = PBXFileReference; fileEncoding = 4; lastKnownFileType = sourcecode.c.objc; path = "TKRequestHandler+Home.m"; sourceTree = "<group>"; };
		FCDA60601F13B8AD00371463 /* Reachability.h */ = {isa = PBXFileReference; fileEncoding = 4; lastKnownFileType = sourcecode.c.h; path = Reachability.h; sourceTree = "<group>"; };
		FCDA60611F13B8AD00371463 /* Reachability.m */ = {isa = PBXFileReference; fileEncoding = 4; lastKnownFileType = sourcecode.c.objc; path = Reachability.m; sourceTree = "<group>"; };
		FCDA60621F13B8AD00371463 /* TKHttpParameter.h */ = {isa = PBXFileReference; fileEncoding = 4; lastKnownFileType = sourcecode.c.h; path = TKHttpParameter.h; sourceTree = "<group>"; };
		FCDA60631F13B8AD00371463 /* TKHttpParameter.m */ = {isa = PBXFileReference; fileEncoding = 4; lastKnownFileType = sourcecode.c.objc; path = TKHttpParameter.m; sourceTree = "<group>"; };
		FCDA60641F13B8AD00371463 /* TKNetworkManager.h */ = {isa = PBXFileReference; fileEncoding = 4; lastKnownFileType = sourcecode.c.h; path = TKNetworkManager.h; sourceTree = "<group>"; };
		FCDA60651F13B8AD00371463 /* TKNetworkManager.m */ = {isa = PBXFileReference; fileEncoding = 4; lastKnownFileType = sourcecode.c.objc; path = TKNetworkManager.m; sourceTree = "<group>"; };
		FCDA60661F13B8AD00371463 /* TKUploader.h */ = {isa = PBXFileReference; fileEncoding = 4; lastKnownFileType = sourcecode.c.h; path = TKUploader.h; sourceTree = "<group>"; };
		FCDA60671F13B8AD00371463 /* TKUploader.m */ = {isa = PBXFileReference; fileEncoding = 4; lastKnownFileType = sourcecode.c.objc; path = TKUploader.m; sourceTree = "<group>"; };
		FCDA60691F13B8AD00371463 /* TKRequestHandler.h */ = {isa = PBXFileReference; fileEncoding = 4; lastKnownFileType = sourcecode.c.h; path = TKRequestHandler.h; sourceTree = "<group>"; };
		FCDA606A1F13B8AD00371463 /* TKRequestHandler.m */ = {isa = PBXFileReference; fileEncoding = 4; lastKnownFileType = sourcecode.c.objc; path = TKRequestHandler.m; sourceTree = "<group>"; };
		FCDA606B1F13B8AD00371463 /* TKRequestHelper.h */ = {isa = PBXFileReference; fileEncoding = 4; lastKnownFileType = sourcecode.c.h; path = TKRequestHelper.h; sourceTree = "<group>"; };
		FCDA606C1F13B8AD00371463 /* TKRequestHelper.m */ = {isa = PBXFileReference; fileEncoding = 4; lastKnownFileType = sourcecode.c.objc; path = TKRequestHelper.m; sourceTree = "<group>"; };
		FCDA606D1F13B8AD00371463 /* TKResponseError.h */ = {isa = PBXFileReference; fileEncoding = 4; lastKnownFileType = sourcecode.c.h; path = TKResponseError.h; sourceTree = "<group>"; };
		FCDA606E1F13B8AD00371463 /* TKResponseError.m */ = {isa = PBXFileReference; fileEncoding = 4; lastKnownFileType = sourcecode.c.objc; path = TKResponseError.m; sourceTree = "<group>"; };
		FCDA60761F13B99100371463 /* CPHomeModel.h */ = {isa = PBXFileReference; fileEncoding = 4; lastKnownFileType = sourcecode.c.h; path = CPHomeModel.h; sourceTree = "<group>"; };
		FCDA60771F13B99100371463 /* CPHomeModel.m */ = {isa = PBXFileReference; fileEncoding = 4; lastKnownFileType = sourcecode.c.objc; path = CPHomeModel.m; sourceTree = "<group>"; };
		FCDA607B1F13BBC200371463 /* NSAttributedString+TKSize.h */ = {isa = PBXFileReference; fileEncoding = 4; lastKnownFileType = sourcecode.c.h; path = "NSAttributedString+TKSize.h"; sourceTree = "<group>"; };
		FCDA607C1F13BBC200371463 /* NSAttributedString+TKSize.m */ = {isa = PBXFileReference; fileEncoding = 4; lastKnownFileType = sourcecode.c.objc; path = "NSAttributedString+TKSize.m"; sourceTree = "<group>"; };
		FCDA607D1F13BBC200371463 /* NSDate+Category.h */ = {isa = PBXFileReference; fileEncoding = 4; lastKnownFileType = sourcecode.c.h; path = "NSDate+Category.h"; sourceTree = "<group>"; };
		FCDA607E1F13BBC200371463 /* NSDate+Category.m */ = {isa = PBXFileReference; fileEncoding = 4; lastKnownFileType = sourcecode.c.objc; path = "NSDate+Category.m"; sourceTree = "<group>"; };
		FCDA607F1F13BBC200371463 /* NSDateFormatter+Category.h */ = {isa = PBXFileReference; fileEncoding = 4; lastKnownFileType = sourcecode.c.h; path = "NSDateFormatter+Category.h"; sourceTree = "<group>"; };
		FCDA60801F13BBC200371463 /* NSDateFormatter+Category.m */ = {isa = PBXFileReference; fileEncoding = 4; lastKnownFileType = sourcecode.c.objc; path = "NSDateFormatter+Category.m"; sourceTree = "<group>"; };
		FCDA60811F13BBC200371463 /* NSString+Encode.h */ = {isa = PBXFileReference; fileEncoding = 4; lastKnownFileType = sourcecode.c.h; path = "NSString+Encode.h"; sourceTree = "<group>"; };
		FCDA60821F13BBC200371463 /* NSString+Encode.m */ = {isa = PBXFileReference; fileEncoding = 4; lastKnownFileType = sourcecode.c.objc; path = "NSString+Encode.m"; sourceTree = "<group>"; };
		FCDA60831F13BBC200371463 /* NSString+MD5.h */ = {isa = PBXFileReference; fileEncoding = 4; lastKnownFileType = sourcecode.c.h; path = "NSString+MD5.h"; sourceTree = "<group>"; };
		FCDA60841F13BBC200371463 /* NSString+MD5.m */ = {isa = PBXFileReference; fileEncoding = 4; lastKnownFileType = sourcecode.c.objc; path = "NSString+MD5.m"; sourceTree = "<group>"; };
		FCDA60851F13BBC200371463 /* NSString+TKSize.h */ = {isa = PBXFileReference; fileEncoding = 4; lastKnownFileType = sourcecode.c.h; path = "NSString+TKSize.h"; sourceTree = "<group>"; };
		FCDA60861F13BBC200371463 /* NSString+TKSize.m */ = {isa = PBXFileReference; fileEncoding = 4; lastKnownFileType = sourcecode.c.objc; path = "NSString+TKSize.m"; sourceTree = "<group>"; };
		FCDA60871F13BBC200371463 /* NSString+ValidateFormat.h */ = {isa = PBXFileReference; fileEncoding = 4; lastKnownFileType = sourcecode.c.h; path = "NSString+ValidateFormat.h"; sourceTree = "<group>"; };
		FCDA60881F13BBC200371463 /* NSString+ValidateFormat.m */ = {isa = PBXFileReference; fileEncoding = 4; lastKnownFileType = sourcecode.c.objc; path = "NSString+ValidateFormat.m"; sourceTree = "<group>"; };
		FCDA60891F13BBC200371463 /* UIColor+Util.h */ = {isa = PBXFileReference; fileEncoding = 4; lastKnownFileType = sourcecode.c.h; path = "UIColor+Util.h"; sourceTree = "<group>"; };
		FCDA608A1F13BBC200371463 /* UIColor+Util.m */ = {isa = PBXFileReference; fileEncoding = 4; lastKnownFileType = sourcecode.c.objc; path = "UIColor+Util.m"; sourceTree = "<group>"; };
		FCDA60941F147B8B00371463 /* UIBarButtonItem+Navigation.h */ = {isa = PBXFileReference; fileEncoding = 4; lastKnownFileType = sourcecode.c.h; path = "UIBarButtonItem+Navigation.h"; sourceTree = "<group>"; };
		FCDA60951F147B8B00371463 /* UIBarButtonItem+Navigation.m */ = {isa = PBXFileReference; fileEncoding = 4; lastKnownFileType = sourcecode.c.objc; path = "UIBarButtonItem+Navigation.m"; sourceTree = "<group>"; };
		FCDA60971F147C4000371463 /* FADefines.h */ = {isa = PBXFileReference; lastKnownFileType = sourcecode.c.h; path = FADefines.h; sourceTree = "<group>"; };
		FEAAA1A68C811D174FF149C6 /* Pods-CaiPiaoApp.release.xcconfig */ = {isa = PBXFileReference; includeInIndex = 1; lastKnownFileType = text.xcconfig; name = "Pods-CaiPiaoApp.release.xcconfig"; path = "Pods/Target Support Files/Pods-CaiPiaoApp/Pods-CaiPiaoApp.release.xcconfig"; sourceTree = "<group>"; };
/* End PBXFileReference section */

/* Begin PBXFrameworksBuildPhase section */
		FC39F3F41F108A9A00BF300C /* Frameworks */ = {
			isa = PBXFrameworksBuildPhase;
			buildActionMask = 2147483647;
			files = (
				9294ACBAB80103213E966A1E /* libPods-CaiPiaoApp.a in Frameworks */,
			);
			runOnlyForDeploymentPostprocessing = 0;
		};
/* End PBXFrameworksBuildPhase section */

/* Begin PBXGroup section */
		2C52FD5B0F8CB2CF247A6B64 /* Frameworks */ = {
			isa = PBXGroup;
			children = (
				7E6FFA0F670246B0623C1539 /* libPods-CaiPiaoApp.a */,
			);
			name = Frameworks;
			sourceTree = "<group>";
		};
		91332563A250C01BE462A8F5 /* Pods */ = {
			isa = PBXGroup;
			children = (
				431353601450925F5294D150 /* Pods-CaiPiaoApp.debug.xcconfig */,
				FEAAA1A68C811D174FF149C6 /* Pods-CaiPiaoApp.release.xcconfig */,
			);
			name = Pods;
			sourceTree = "<group>";
		};
		FC39F3EE1F108A9A00BF300C = {
			isa = PBXGroup;
			children = (
				FC39F3F91F108A9A00BF300C /* CaiPiaoApp */,
				FC39F3F81F108A9A00BF300C /* Products */,
				91332563A250C01BE462A8F5 /* Pods */,
				2C52FD5B0F8CB2CF247A6B64 /* Frameworks */,
			);
			sourceTree = "<group>";
		};
		FC39F3F81F108A9A00BF300C /* Products */ = {
			isa = PBXGroup;
			children = (
				FC39F3F71F108A9A00BF300C /* CaiPiaoApp.app */,
			);
			name = Products;
			sourceTree = "<group>";
		};
		FC39F3F91F108A9A00BF300C /* CaiPiaoApp */ = {
			isa = PBXGroup;
			children = (
				FCCFD1331F138D3800A3094C /* CaiPiaoApp.entitlements */,
				FCDA605F1F13B8AD00371463 /* Network */,
				FCCFD1341F13A09100A3094C /* Page */,
				FCCFD0DE1F1331AF00A3094C /* Thirdparty */,
				FC39F41A1F108F2C00BF300C /* Common */,
				FC39F4141F108F1F00BF300C /* Manager */,
				FC39F4181F108F1F00BF300C /* Tools */,
				FC39F4191F108F1F00BF300C /* Util */,
				FC39F3FD1F108A9A00BF300C /* AppDelegate.h */,
				FC39F3FE1F108A9A00BF300C /* AppDelegate.m */,
				FC39F4001F108A9A00BF300C /* ViewController.h */,
				FC39F4011F108A9A00BF300C /* ViewController.m */,
				FC39F4031F108A9A00BF300C /* Main.storyboard */,
				FC39F4061F108A9A00BF300C /* Assets.xcassets */,
				FC39F4081F108A9A00BF300C /* LaunchScreen.storyboard */,
				FC39F40B1F108A9A00BF300C /* Info.plist */,
				FC39F3FA1F108A9A00BF300C /* Supporting Files */,
			);
			path = CaiPiaoApp;
			sourceTree = "<group>";
		};
		FC39F3FA1F108A9A00BF300C /* Supporting Files */ = {
			isa = PBXGroup;
			children = (
				FC39F3FB1F108A9A00BF300C /* main.m */,
				FC8B910C1F10C04C004A0933 /* CaiPiao.pch */,
			);
			name = "Supporting Files";
			sourceTree = "<group>";
		};
		FC39F4141F108F1F00BF300C /* Manager */ = {
			isa = PBXGroup;
			children = (
			);
			path = Manager;
			sourceTree = "<group>";
		};
		FC39F4181F108F1F00BF300C /* Tools */ = {
			isa = PBXGroup;
			children = (
				FC8B91061F10BF9D004A0933 /* UIViewController+Refresh.h */,
				FC8B91071F10BF9D004A0933 /* UIViewController+Refresh.m */,
				FC8B91001F10BF3C004A0933 /* TKTabControllerIniter.h */,
				FC8B91011F10BF3C004A0933 /* TKTabControllerIniter.m */,
			);
			path = Tools;
			sourceTree = "<group>";
		};
		FC39F4191F108F1F00BF300C /* Util */ = {
			isa = PBXGroup;
			children = (
			);
			path = Util;
			sourceTree = "<group>";
		};
		FC39F41A1F108F2C00BF300C /* Common */ = {
			isa = PBXGroup;
			children = (
				FCDA60971F147C4000371463 /* FADefines.h */,
				FC93A2091F17776F00FB8296 /* View */,
				FCDA607A1F13BBC200371463 /* Category */,
				FC8B910D1F10C29E004A0933 /* Controller */,
				FC8B91091F10C001004A0933 /* UIColor+theme.h */,
				FC8B910A1F10C001004A0933 /* UIColor+theme.m */,
				FCCFD1261F13353000A3094C /* TKDefines.h */,
			);
			path = Common;
			sourceTree = "<group>";
		};
		FC8B910D1F10C29E004A0933 /* Controller */ = {
			isa = PBXGroup;
			children = (
				FC93A2061F17727200FB8296 /* TKModuleWebViewController.h */,
				FC93A2071F17727200FB8296 /* TKModuleWebViewController.m */,
				FC8B910E1F10C2B7004A0933 /* CPNavigationController.h */,
				FC8B910F1F10C2B7004A0933 /* CPNavigationController.m */,
				FCCFD11F1F1333E200A3094C /* CPBaseViewController.h */,
				FCCFD1201F1333E200A3094C /* CPBaseViewController.m */,
				FCCFD1221F1333F500A3094C /* CPBaseTableViewController.h */,
				FCCFD1231F1333F500A3094C /* CPBaseTableViewController.m */,
			);
			path = Controller;
			sourceTree = "<group>";
		};
		FC93A1EC1F17601000FB8296 /* News */ = {
			isa = PBXGroup;
			children = (
				FC93A1ED1F17601000FB8296 /* Controller */,
				FC93A1EE1F17601000FB8296 /* Model */,
				FC93A1EF1F17601000FB8296 /* View */,
			);
			path = News;
			sourceTree = "<group>";
		};
		FC93A1ED1F17601000FB8296 /* Controller */ = {
			isa = PBXGroup;
			children = (
				FC93A1F01F17603A00FB8296 /* CPNewsViewController.h */,
				FC93A1F11F17603A00FB8296 /* CPNewsViewController.m */,
			);
			path = Controller;
			sourceTree = "<group>";
		};
		FC93A1EE1F17601000FB8296 /* Model */ = {
			isa = PBXGroup;
			children = (
				FC93A1F31F17623100FB8296 /* CPNewsModel.h */,
				FC93A1F41F17623100FB8296 /* CPNewsModel.m */,
				FC93A1F61F17625D00FB8296 /* TKRequestHandler+News.h */,
				FC93A1F71F17625D00FB8296 /* TKRequestHandler+News.m */,
			);
			path = Model;
			sourceTree = "<group>";
		};
		FC93A1EF1F17601000FB8296 /* View */ = {
			isa = PBXGroup;
			children = (
				FC93A2011F17693300FB8296 /* CPNewsTableViewCell.h */,
				FC93A2021F17693300FB8296 /* CPNewsTableViewCell.m */,
				FC93A2031F17693300FB8296 /* CPNewsTableViewCell.xib */,
			);
			path = View;
			sourceTree = "<group>";
		};
		FC93A2091F17776F00FB8296 /* View */ = {
			isa = PBXGroup;
			children = (
				FC93A20A1F17776F00FB8296 /* FANetworkErrorView.h */,
				FC93A20B1F17776F00FB8296 /* FANetworkErrorView.m */,
			);
			path = View;
			sourceTree = "<group>";
		};
		FC93A2111F17875400FB8296 /* Map */ = {
			isa = PBXGroup;
			children = (
				FC93A2121F17875400FB8296 /* Controller */,
				FC93A2131F17875400FB8296 /* Model */,
				FC93A2141F17875400FB8296 /* View */,
			);
			path = Map;
			sourceTree = "<group>";
		};
		FC93A2121F17875400FB8296 /* Controller */ = {
			isa = PBXGroup;
			children = (
				FC93A2151F17877000FB8296 /* CPMapViewController.h */,
				FC93A2161F17877000FB8296 /* CPMapViewController.m */,
			);
			path = Controller;
			sourceTree = "<group>";
		};
		FC93A2131F17875400FB8296 /* Model */ = {
			isa = PBXGroup;
			children = (
			);
			path = Model;
			sourceTree = "<group>";
		};
		FC93A2141F17875400FB8296 /* View */ = {
			isa = PBXGroup;
			children = (
			);
			path = View;
			sourceTree = "<group>";
		};
		FCCFD0DE1F1331AF00A3094C /* Thirdparty */ = {
			isa = PBXGroup;
			children = (
				FCCFD1271F13363400A3094C /* View */,
				FCCFD0DF1F1331AF00A3094C /* MJRefresh */,
			);
			path = Thirdparty;
			sourceTree = "<group>";
		};
		FCCFD0DF1F1331AF00A3094C /* MJRefresh */ = {
			isa = PBXGroup;
			children = (
				FCCFD0E01F1331AF00A3094C /* Base */,
				FCCFD0EB1F1331AF00A3094C /* Custom */,
				FCCFD1021F1331AF00A3094C /* MJRefresh.bundle */,
				FCCFD1031F1331AF00A3094C /* MJRefresh.h */,
				FCCFD1041F1331AF00A3094C /* MJRefreshConst.h */,
				FCCFD1051F1331AF00A3094C /* MJRefreshConst.m */,
				FCCFD1061F1331AF00A3094C /* UIScrollView+MJExtension.h */,
				FCCFD1071F1331AF00A3094C /* UIScrollView+MJExtension.m */,
				FCCFD1081F1331AF00A3094C /* UIScrollView+MJRefresh.h */,
				FCCFD1091F1331AF00A3094C /* UIScrollView+MJRefresh.m */,
				FCCFD10A1F1331AF00A3094C /* UIView+MJExtension.h */,
				FCCFD10B1F1331AF00A3094C /* UIView+MJExtension.m */,
			);
			path = MJRefresh;
			sourceTree = "<group>";
		};
		FCCFD0E01F1331AF00A3094C /* Base */ = {
			isa = PBXGroup;
			children = (
				FCCFD0E11F1331AF00A3094C /* MJRefreshAutoFooter.h */,
				FCCFD0E21F1331AF00A3094C /* MJRefreshAutoFooter.m */,
				FCCFD0E31F1331AF00A3094C /* MJRefreshBackFooter.h */,
				FCCFD0E41F1331AF00A3094C /* MJRefreshBackFooter.m */,
				FCCFD0E51F1331AF00A3094C /* MJRefreshComponent.h */,
				FCCFD0E61F1331AF00A3094C /* MJRefreshComponent.m */,
				FCCFD0E71F1331AF00A3094C /* MJRefreshFooter.h */,
				FCCFD0E81F1331AF00A3094C /* MJRefreshFooter.m */,
				FCCFD0E91F1331AF00A3094C /* MJRefreshHeader.h */,
				FCCFD0EA1F1331AF00A3094C /* MJRefreshHeader.m */,
			);
			path = Base;
			sourceTree = "<group>";
		};
		FCCFD0EB1F1331AF00A3094C /* Custom */ = {
			isa = PBXGroup;
			children = (
				FCCFD0EC1F1331AF00A3094C /* Footer */,
				FCCFD0FB1F1331AF00A3094C /* Header */,
			);
			path = Custom;
			sourceTree = "<group>";
		};
		FCCFD0EC1F1331AF00A3094C /* Footer */ = {
			isa = PBXGroup;
			children = (
				FCCFD0ED1F1331AF00A3094C /* Auto */,
				FCCFD0F41F1331AF00A3094C /* Back */,
			);
			path = Footer;
			sourceTree = "<group>";
		};
		FCCFD0ED1F1331AF00A3094C /* Auto */ = {
			isa = PBXGroup;
			children = (
				FCCFD0EE1F1331AF00A3094C /* MJRefreshAutoGifFooter.h */,
				FCCFD0EF1F1331AF00A3094C /* MJRefreshAutoGifFooter.m */,
				FCCFD0F01F1331AF00A3094C /* MJRefreshAutoNormalFooter.h */,
				FCCFD0F11F1331AF00A3094C /* MJRefreshAutoNormalFooter.m */,
				FCCFD0F21F1331AF00A3094C /* MJRefreshAutoStateFooter.h */,
				FCCFD0F31F1331AF00A3094C /* MJRefreshAutoStateFooter.m */,
			);
			path = Auto;
			sourceTree = "<group>";
		};
		FCCFD0F41F1331AF00A3094C /* Back */ = {
			isa = PBXGroup;
			children = (
				FCCFD0F51F1331AF00A3094C /* MJRefreshBackGifFooter.h */,
				FCCFD0F61F1331AF00A3094C /* MJRefreshBackGifFooter.m */,
				FCCFD0F71F1331AF00A3094C /* MJRefreshBackNormalFooter.h */,
				FCCFD0F81F1331AF00A3094C /* MJRefreshBackNormalFooter.m */,
				FCCFD0F91F1331AF00A3094C /* MJRefreshBackStateFooter.h */,
				FCCFD0FA1F1331AF00A3094C /* MJRefreshBackStateFooter.m */,
			);
			path = Back;
			sourceTree = "<group>";
		};
		FCCFD0FB1F1331AF00A3094C /* Header */ = {
			isa = PBXGroup;
			children = (
				FCCFD0FC1F1331AF00A3094C /* MJRefreshGifHeader.h */,
				FCCFD0FD1F1331AF00A3094C /* MJRefreshGifHeader.m */,
				FCCFD0FE1F1331AF00A3094C /* MJRefreshNormalHeader.h */,
				FCCFD0FF1F1331AF00A3094C /* MJRefreshNormalHeader.m */,
				FCCFD1001F1331AF00A3094C /* MJRefreshStateHeader.h */,
				FCCFD1011F1331AF00A3094C /* MJRefreshStateHeader.m */,
			);
			path = Header;
			sourceTree = "<group>";
		};
		FCCFD1271F13363400A3094C /* View */ = {
			isa = PBXGroup;
			children = (
				FCCFD1281F13363400A3094C /* SAMTextView.h */,
				FCCFD1291F13363400A3094C /* SAMTextView.m */,
				FCCFD12A1F13363400A3094C /* UIView+Utils.h */,
				FCCFD12B1F13363400A3094C /* UIView+Utils.m */,
			);
			path = View;
			sourceTree = "<group>";
		};
		FCCFD1341F13A09100A3094C /* Page */ = {
			isa = PBXGroup;
			children = (
				FC93A2111F17875400FB8296 /* Map */,
				FC93A1EC1F17601000FB8296 /* News */,
				FCCFD13B1F13B72700A3094C /* Home */,
				FCCFD1351F13A09100A3094C /* H5 */,
			);
			path = Page;
			sourceTree = "<group>";
		};
		FCCFD1351F13A09100A3094C /* H5 */ = {
			isa = PBXGroup;
			children = (
				FCCFD1361F13A09100A3094C /* H5ViewController.h */,
				FCCFD1371F13A09100A3094C /* H5ViewController.m */,
				FCCFD1381F13A09100A3094C /* H5ViewController.xib */,
			);
			path = H5;
			sourceTree = "<group>";
		};
		FCCFD13B1F13B72700A3094C /* Home */ = {
			isa = PBXGroup;
			children = (
				FCCFD13C1F13B72700A3094C /* Controller */,
				FCCFD13D1F13B72700A3094C /* Model */,
				FCCFD13E1F13B72700A3094C /* View */,
			);
			path = Home;
			sourceTree = "<group>";
		};
		FCCFD13C1F13B72700A3094C /* Controller */ = {
			isa = PBXGroup;
			children = (
				FCCFD13F1F13B75900A3094C /* CPHomeViewController.h */,
				FCCFD1401F13B75900A3094C /* CPHomeViewController.m */,
			);
			path = Controller;
			sourceTree = "<group>";
		};
		FCCFD13D1F13B72700A3094C /* Model */ = {
			isa = PBXGroup;
			children = (
				FCDA605B1F13B80C00371463 /* TKRequestHandler+Home.h */,
				FCDA605C1F13B80C00371463 /* TKRequestHandler+Home.m */,
				FCDA60761F13B99100371463 /* CPHomeModel.h */,
				FCDA60771F13B99100371463 /* CPHomeModel.m */,
			);
			path = Model;
			sourceTree = "<group>";
		};
		FCCFD13E1F13B72700A3094C /* View */ = {
			isa = PBXGroup;
			children = (
			);
			path = View;
			sourceTree = "<group>";
		};
		FCDA605F1F13B8AD00371463 /* Network */ = {
			isa = PBXGroup;
			children = (
				FCDA60601F13B8AD00371463 /* Reachability.h */,
				FCDA60611F13B8AD00371463 /* Reachability.m */,
				FCDA60621F13B8AD00371463 /* TKHttpParameter.h */,
				FCDA60631F13B8AD00371463 /* TKHttpParameter.m */,
				FCDA60641F13B8AD00371463 /* TKNetworkManager.h */,
				FCDA60651F13B8AD00371463 /* TKNetworkManager.m */,
				FCDA60661F13B8AD00371463 /* TKUploader.h */,
				FCDA60671F13B8AD00371463 /* TKUploader.m */,
				FCDA60681F13B8AD00371463 /* Util */,
			);
			name = Network;
			path = Thirdparty/Network;
			sourceTree = "<group>";
		};
		FCDA60681F13B8AD00371463 /* Util */ = {
			isa = PBXGroup;
			children = (
				FCDA60691F13B8AD00371463 /* TKRequestHandler.h */,
				FCDA606A1F13B8AD00371463 /* TKRequestHandler.m */,
				FCDA606B1F13B8AD00371463 /* TKRequestHelper.h */,
				FCDA606C1F13B8AD00371463 /* TKRequestHelper.m */,
				FCDA606D1F13B8AD00371463 /* TKResponseError.h */,
				FCDA606E1F13B8AD00371463 /* TKResponseError.m */,
			);
			path = Util;
			sourceTree = "<group>";
		};
		FCDA607A1F13BBC200371463 /* Category */ = {
			isa = PBXGroup;
			children = (
				FCDA60941F147B8B00371463 /* UIBarButtonItem+Navigation.h */,
				FCDA60951F147B8B00371463 /* UIBarButtonItem+Navigation.m */,
				FCDA607B1F13BBC200371463 /* NSAttributedString+TKSize.h */,
				FCDA607C1F13BBC200371463 /* NSAttributedString+TKSize.m */,
				FCDA607D1F13BBC200371463 /* NSDate+Category.h */,
				FCDA607E1F13BBC200371463 /* NSDate+Category.m */,
				FCDA607F1F13BBC200371463 /* NSDateFormatter+Category.h */,
				FCDA60801F13BBC200371463 /* NSDateFormatter+Category.m */,
				FCDA60811F13BBC200371463 /* NSString+Encode.h */,
				FCDA60821F13BBC200371463 /* NSString+Encode.m */,
				FCDA60831F13BBC200371463 /* NSString+MD5.h */,
				FCDA60841F13BBC200371463 /* NSString+MD5.m */,
				FCDA60851F13BBC200371463 /* NSString+TKSize.h */,
				FCDA60861F13BBC200371463 /* NSString+TKSize.m */,
				FCDA60871F13BBC200371463 /* NSString+ValidateFormat.h */,
				FCDA60881F13BBC200371463 /* NSString+ValidateFormat.m */,
				FCDA60891F13BBC200371463 /* UIColor+Util.h */,
				FCDA608A1F13BBC200371463 /* UIColor+Util.m */,
			);
			path = Category;
			sourceTree = "<group>";
		};
/* End PBXGroup section */

/* Begin PBXNativeTarget section */
		FC39F3F61F108A9A00BF300C /* CaiPiaoApp */ = {
			isa = PBXNativeTarget;
			buildConfigurationList = FC39F40E1F108A9A00BF300C /* Build configuration list for PBXNativeTarget "CaiPiaoApp" */;
			buildPhases = (
				78B70126CC74AA4081F2300E /* [CP] Check Pods Manifest.lock */,
				FC39F3F31F108A9A00BF300C /* Sources */,
				FC39F3F41F108A9A00BF300C /* Frameworks */,
				FC39F3F51F108A9A00BF300C /* Resources */,
				8CFDDA18759137CAD6DB6036 /* [CP] Embed Pods Frameworks */,
				82B070CD188E270837C66891 /* [CP] Copy Pods Resources */,
			);
			buildRules = (
			);
			dependencies = (
			);
			name = CaiPiaoApp;
			productName = CaiPiaoApp;
			productReference = FC39F3F71F108A9A00BF300C /* CaiPiaoApp.app */;
			productType = "com.apple.product-type.application";
		};
/* End PBXNativeTarget section */

/* Begin PBXProject section */
		FC39F3EF1F108A9A00BF300C /* Project object */ = {
			isa = PBXProject;
			attributes = {
				LastUpgradeCheck = 0830;
				ORGANIZATIONNAME = "王学超";
				TargetAttributes = {
					FC39F3F61F108A9A00BF300C = {
						CreatedOnToolsVersion = 8.3.2;
						DevelopmentTeam = 4G56KVCD5J;
						ProvisioningStyle = Automatic;
						SystemCapabilities = {
							com.apple.Push = {
								enabled = 1;
							};
						};
					};
				};
			};
			buildConfigurationList = FC39F3F21F108A9A00BF300C /* Build configuration list for PBXProject "CaiPiaoApp" */;
			compatibilityVersion = "Xcode 3.2";
			developmentRegion = English;
			hasScannedForEncodings = 0;
			knownRegions = (
				en,
				Base,
			);
			mainGroup = FC39F3EE1F108A9A00BF300C;
			productRefGroup = FC39F3F81F108A9A00BF300C /* Products */;
			projectDirPath = "";
			projectRoot = "";
			targets = (
				FC39F3F61F108A9A00BF300C /* CaiPiaoApp */,
			);
		};
/* End PBXProject section */

/* Begin PBXResourcesBuildPhase section */
		FC39F3F51F108A9A00BF300C /* Resources */ = {
			isa = PBXResourcesBuildPhase;
			buildActionMask = 2147483647;
			files = (
				FC39F40A1F108A9A00BF300C /* LaunchScreen.storyboard in Resources */,
				FC93A2051F17693300FB8296 /* CPNewsTableViewCell.xib in Resources */,
				FCCFD13A1F13A09100A3094C /* H5ViewController.xib in Resources */,
				FC39F4071F108A9A00BF300C /* Assets.xcassets in Resources */,
				FCCFD11A1F1331AF00A3094C /* MJRefresh.bundle in Resources */,
				FC39F4051F108A9A00BF300C /* Main.storyboard in Resources */,
			);
			runOnlyForDeploymentPostprocessing = 0;
		};
/* End PBXResourcesBuildPhase section */

/* Begin PBXShellScriptBuildPhase section */
		78B70126CC74AA4081F2300E /* [CP] Check Pods Manifest.lock */ = {
			isa = PBXShellScriptBuildPhase;
			buildActionMask = 2147483647;
			files = (
			);
			inputPaths = (
			);
			name = "[CP] Check Pods Manifest.lock";
			outputPaths = (
			);
			runOnlyForDeploymentPostprocessing = 0;
			shellPath = /bin/sh;
			shellScript = "diff \"${PODS_PODFILE_DIR_PATH}/Podfile.lock\" \"${PODS_ROOT}/Manifest.lock\" > /dev/null\nif [ $? != 0 ] ; then\n    # print error to STDERR\n    echo \"error: The sandbox is not in sync with the Podfile.lock. Run 'pod install' or update your CocoaPods installation.\" >&2\n    exit 1\nfi\n";
			showEnvVarsInLog = 0;
		};
		82B070CD188E270837C66891 /* [CP] Copy Pods Resources */ = {
			isa = PBXShellScriptBuildPhase;
			buildActionMask = 2147483647;
			files = (
			);
			inputPaths = (
			);
			name = "[CP] Copy Pods Resources";
			outputPaths = (
			);
			runOnlyForDeploymentPostprocessing = 0;
			shellPath = /bin/sh;
			shellScript = "\"${SRCROOT}/Pods/Target Support Files/Pods-CaiPiaoApp/Pods-CaiPiaoApp-resources.sh\"\n";
			showEnvVarsInLog = 0;
		};
		8CFDDA18759137CAD6DB6036 /* [CP] Embed Pods Frameworks */ = {
			isa = PBXShellScriptBuildPhase;
			buildActionMask = 2147483647;
			files = (
			);
			inputPaths = (
			);
			name = "[CP] Embed Pods Frameworks";
			outputPaths = (
			);
			runOnlyForDeploymentPostprocessing = 0;
			shellPath = /bin/sh;
			shellScript = "\"${SRCROOT}/Pods/Target Support Files/Pods-CaiPiaoApp/Pods-CaiPiaoApp-frameworks.sh\"\n";
			showEnvVarsInLog = 0;
		};
/* End PBXShellScriptBuildPhase section */

/* Begin PBXSourcesBuildPhase section */
		FC39F3F31F108A9A00BF300C /* Sources */ = {
			isa = PBXSourcesBuildPhase;
			buildActionMask = 2147483647;
			files = (
				FCCFD1211F1333E200A3094C /* CPBaseViewController.m in Sources */,
				FCCFD1391F13A09100A3094C /* H5ViewController.m in Sources */,
				FCDA608C1F13BBC200371463 /* NSDate+Category.m in Sources */,
				FC39F4021F108A9A00BF300C /* ViewController.m in Sources */,
				FCCFD10F1F1331AF00A3094C /* MJRefreshFooter.m in Sources */,
				FCCFD1131F1331AF00A3094C /* MJRefreshAutoStateFooter.m in Sources */,
				FCCFD1241F1333F500A3094C /* CPBaseTableViewController.m in Sources */,
				FCDA60741F13B8AD00371463 /* TKRequestHelper.m in Sources */,
				FCCFD12C1F13363400A3094C /* SAMTextView.m in Sources */,
				FC39F3FF1F108A9A00BF300C /* AppDelegate.m in Sources */,
				FCCFD10E1F1331AF00A3094C /* MJRefreshComponent.m in Sources */,
				FC93A20C1F17776F00FB8296 /* FANetworkErrorView.m in Sources */,
				FC93A1F81F17625D00FB8296 /* TKRequestHandler+News.m in Sources */,
				FCCFD1111F1331AF00A3094C /* MJRefreshAutoGifFooter.m in Sources */,
				FCDA608F1F13BBC200371463 /* NSString+MD5.m in Sources */,
				FCDA60961F147B8B00371463 /* UIBarButtonItem+Navigation.m in Sources */,
				FC93A2171F17877000FB8296 /* CPMapViewController.m in Sources */,
				FCCFD1181F1331AF00A3094C /* MJRefreshNormalHeader.m in Sources */,
				FCDA60911F13BBC200371463 /* NSString+ValidateFormat.m in Sources */,
				FCCFD11C1F1331AF00A3094C /* UIScrollView+MJExtension.m in Sources */,
				FCDA60731F13B8AD00371463 /* TKRequestHandler.m in Sources */,
				FCDA605D1F13B80C00371463 /* TKRequestHandler+Home.m in Sources */,
				FCCFD1151F1331AF00A3094C /* MJRefreshBackNormalFooter.m in Sources */,
				FCCFD11B1F1331AF00A3094C /* MJRefreshConst.m in Sources */,
				FC93A1F51F17623100FB8296 /* CPNewsModel.m in Sources */,
				FCDA60901F13BBC200371463 /* NSString+TKSize.m in Sources */,
				FCCFD1121F1331AF00A3094C /* MJRefreshAutoNormalFooter.m in Sources */,
				FCDA60751F13B8AD00371463 /* TKResponseError.m in Sources */,
				FCCFD1161F1331AF00A3094C /* MJRefreshBackStateFooter.m in Sources */,
				FCDA608E1F13BBC200371463 /* NSString+Encode.m in Sources */,
				FCDA60711F13B8AD00371463 /* TKNetworkManager.m in Sources */,
				FCDA60781F13B99100371463 /* CPHomeModel.m in Sources */,
				FCCFD1411F13B75900A3094C /* CPHomeViewController.m in Sources */,
				FC93A1F21F17603A00FB8296 /* CPNewsViewController.m in Sources */,
				FC39F3FC1F108A9A00BF300C /* main.m in Sources */,
				FCDA608B1F13BBC200371463 /* NSAttributedString+TKSize.m in Sources */,
				FC8B910B1F10C001004A0933 /* UIColor+theme.m in Sources */,
				FCDA60921F13BBC200371463 /* UIColor+Util.m in Sources */,
				FCCFD1171F1331AF00A3094C /* MJRefreshGifHeader.m in Sources */,
				FC8B91101F10C2B7004A0933 /* CPNavigationController.m in Sources */,
				FCCFD11E1F1331AF00A3094C /* UIView+MJExtension.m in Sources */,
				FCDA608D1F13BBC200371463 /* NSDateFormatter+Category.m in Sources */,
				FCCFD1101F1331AF00A3094C /* MJRefreshHeader.m in Sources */,
				FC8B91021F10BF3C004A0933 /* TKTabControllerIniter.m in Sources */,
				FCDA60721F13B8AD00371463 /* TKUploader.m in Sources */,
				FCDA606F1F13B8AD00371463 /* Reachability.m in Sources */,
				FCCFD1191F1331AF00A3094C /* MJRefreshStateHeader.m in Sources */,
				FCCFD10D1F1331AF00A3094C /* MJRefreshBackFooter.m in Sources */,
				FCCFD12D1F13363400A3094C /* UIView+Utils.m in Sources */,
				FCCFD11D1F1331AF00A3094C /* UIScrollView+MJRefresh.m in Sources */,
				FC93A2081F17727200FB8296 /* TKModuleWebViewController.m in Sources */,
				FCDA60701F13B8AD00371463 /* TKHttpParameter.m in Sources */,
				FCCFD10C1F1331AF00A3094C /* MJRefreshAutoFooter.m in Sources */,
				FC93A2041F17693300FB8296 /* CPNewsTableViewCell.m in Sources */,
				FC8B91081F10BF9D004A0933 /* UIViewController+Refresh.m in Sources */,
				FCCFD1141F1331AF00A3094C /* MJRefreshBackGifFooter.m in Sources */,
			);
			runOnlyForDeploymentPostprocessing = 0;
		};
/* End PBXSourcesBuildPhase section */

/* Begin PBXVariantGroup section */
		FC39F4031F108A9A00BF300C /* Main.storyboard */ = {
			isa = PBXVariantGroup;
			children = (
				FC39F4041F108A9A00BF300C /* Base */,
			);
			name = Main.storyboard;
			sourceTree = "<group>";
		};
		FC39F4081F108A9A00BF300C /* LaunchScreen.storyboard */ = {
			isa = PBXVariantGroup;
			children = (
				FC39F4091F108A9A00BF300C /* Base */,
			);
			name = LaunchScreen.storyboard;
			sourceTree = "<group>";
		};
/* End PBXVariantGroup section */

/* Begin XCBuildConfiguration section */
		FC39F40C1F108A9A00BF300C /* Debug */ = {
			isa = XCBuildConfiguration;
			buildSettings = {
				ALWAYS_SEARCH_USER_PATHS = NO;
				CLANG_ANALYZER_NONNULL = YES;
				CLANG_ANALYZER_NUMBER_OBJECT_CONVERSION = YES_AGGRESSIVE;
				CLANG_CXX_LANGUAGE_STANDARD = "gnu++0x";
				CLANG_CXX_LIBRARY = "libc++";
				CLANG_ENABLE_MODULES = YES;
				CLANG_ENABLE_OBJC_ARC = YES;
				CLANG_WARN_BOOL_CONVERSION = YES;
				CLANG_WARN_CONSTANT_CONVERSION = YES;
				CLANG_WARN_DIRECT_OBJC_ISA_USAGE = YES_ERROR;
				CLANG_WARN_DOCUMENTATION_COMMENTS = YES;
				CLANG_WARN_EMPTY_BODY = YES;
				CLANG_WARN_ENUM_CONVERSION = YES;
				CLANG_WARN_INFINITE_RECURSION = YES;
				CLANG_WARN_INT_CONVERSION = YES;
				CLANG_WARN_OBJC_ROOT_CLASS = YES_ERROR;
				CLANG_WARN_SUSPICIOUS_MOVE = YES;
				CLANG_WARN_UNREACHABLE_CODE = YES;
				CLANG_WARN__DUPLICATE_METHOD_MATCH = YES;
				"CODE_SIGN_IDENTITY[sdk=iphoneos*]" = "iPhone Developer";
				COPY_PHASE_STRIP = NO;
				DEBUG_INFORMATION_FORMAT = dwarf;
				ENABLE_STRICT_OBJC_MSGSEND = YES;
				ENABLE_TESTABILITY = YES;
				GCC_C_LANGUAGE_STANDARD = gnu99;
				GCC_DYNAMIC_NO_PIC = NO;
				GCC_NO_COMMON_BLOCKS = YES;
				GCC_OPTIMIZATION_LEVEL = 0;
				GCC_PREPROCESSOR_DEFINITIONS = (
					"DEBUG=1",
					"$(inherited)",
				);
				GCC_WARN_64_TO_32_BIT_CONVERSION = YES;
				GCC_WARN_ABOUT_RETURN_TYPE = YES_ERROR;
				GCC_WARN_UNDECLARED_SELECTOR = YES;
				GCC_WARN_UNINITIALIZED_AUTOS = YES_AGGRESSIVE;
				GCC_WARN_UNUSED_FUNCTION = YES;
				GCC_WARN_UNUSED_VARIABLE = YES;
				IPHONEOS_DEPLOYMENT_TARGET = 10.3;
				MTL_ENABLE_DEBUG_INFO = YES;
				ONLY_ACTIVE_ARCH = YES;
				SDKROOT = iphoneos;
				TARGETED_DEVICE_FAMILY = "1,2";
			};
			name = Debug;
		};
		FC39F40D1F108A9A00BF300C /* Release */ = {
			isa = XCBuildConfiguration;
			buildSettings = {
				ALWAYS_SEARCH_USER_PATHS = NO;
				CLANG_ANALYZER_NONNULL = YES;
				CLANG_ANALYZER_NUMBER_OBJECT_CONVERSION = YES_AGGRESSIVE;
				CLANG_CXX_LANGUAGE_STANDARD = "gnu++0x";
				CLANG_CXX_LIBRARY = "libc++";
				CLANG_ENABLE_MODULES = YES;
				CLANG_ENABLE_OBJC_ARC = YES;
				CLANG_WARN_BOOL_CONVERSION = YES;
				CLANG_WARN_CONSTANT_CONVERSION = YES;
				CLANG_WARN_DIRECT_OBJC_ISA_USAGE = YES_ERROR;
				CLANG_WARN_DOCUMENTATION_COMMENTS = YES;
				CLANG_WARN_EMPTY_BODY = YES;
				CLANG_WARN_ENUM_CONVERSION = YES;
				CLANG_WARN_INFINITE_RECURSION = YES;
				CLANG_WARN_INT_CONVERSION = YES;
				CLANG_WARN_OBJC_ROOT_CLASS = YES_ERROR;
				CLANG_WARN_SUSPICIOUS_MOVE = YES;
				CLANG_WARN_UNREACHABLE_CODE = YES;
				CLANG_WARN__DUPLICATE_METHOD_MATCH = YES;
				"CODE_SIGN_IDENTITY[sdk=iphoneos*]" = "iPhone Developer";
				COPY_PHASE_STRIP = NO;
				DEBUG_INFORMATION_FORMAT = "dwarf-with-dsym";
				ENABLE_NS_ASSERTIONS = NO;
				ENABLE_STRICT_OBJC_MSGSEND = YES;
				GCC_C_LANGUAGE_STANDARD = gnu99;
				GCC_NO_COMMON_BLOCKS = YES;
				GCC_WARN_64_TO_32_BIT_CONVERSION = YES;
				GCC_WARN_ABOUT_RETURN_TYPE = YES_ERROR;
				GCC_WARN_UNDECLARED_SELECTOR = YES;
				GCC_WARN_UNINITIALIZED_AUTOS = YES_AGGRESSIVE;
				GCC_WARN_UNUSED_FUNCTION = YES;
				GCC_WARN_UNUSED_VARIABLE = YES;
				IPHONEOS_DEPLOYMENT_TARGET = 10.3;
				MTL_ENABLE_DEBUG_INFO = NO;
				SDKROOT = iphoneos;
				TARGETED_DEVICE_FAMILY = "1,2";
				VALIDATE_PRODUCT = YES;
			};
			name = Release;
		};
		FC39F40F1F108A9A00BF300C /* Debug */ = {
			isa = XCBuildConfiguration;
			baseConfigurationReference = 431353601450925F5294D150 /* Pods-CaiPiaoApp.debug.xcconfig */;
			buildSettings = {
				ASSETCATALOG_COMPILER_APPICON_NAME = AppIcon;
				CODE_SIGN_ENTITLEMENTS = CaiPiaoApp/CaiPiaoApp.entitlements;
				DEVELOPMENT_TEAM = 4G56KVCD5J;
				GCC_PREFIX_HEADER = CaiPiaoApp/CaiPiao.pch;
				INFOPLIST_FILE = CaiPiaoApp/Info.plist;
				IPHONEOS_DEPLOYMENT_TARGET = 8.0;
				LD_RUNPATH_SEARCH_PATHS = "$(inherited) @executable_path/Frameworks";
				LIBRARY_SEARCH_PATHS = (
					"$(inherited)",
					"$(PROJECT_DIR)/CaiPiaoApp/Thirdparty/JPush",
				);
				PRODUCT_BUNDLE_IDENTIFIER = wxc.CaiPiaoApp;
				PRODUCT_NAME = "$(TARGET_NAME)";
			};
			name = Debug;
		};
		FC39F4101F108A9A00BF300C /* Release */ = {
			isa = XCBuildConfiguration;
			baseConfigurationReference = FEAAA1A68C811D174FF149C6 /* Pods-CaiPiaoApp.release.xcconfig */;
			buildSettings = {
				ASSETCATALOG_COMPILER_APPICON_NAME = AppIcon;
				CODE_SIGN_ENTITLEMENTS = CaiPiaoApp/CaiPiaoApp.entitlements;
				DEVELOPMENT_TEAM = 4G56KVCD5J;
				GCC_PREFIX_HEADER = CaiPiaoApp/CaiPiao.pch;
				INFOPLIST_FILE = CaiPiaoApp/Info.plist;
				IPHONEOS_DEPLOYMENT_TARGET = 8.0;
				LD_RUNPATH_SEARCH_PATHS = "$(inherited) @executable_path/Frameworks";
				LIBRARY_SEARCH_PATHS = (
					"$(inherited)",
					"$(PROJECT_DIR)/CaiPiaoApp/Thirdparty/JPush",
				);
				PRODUCT_BUNDLE_IDENTIFIER = wxc.CaiPiaoApp;
				PRODUCT_NAME = "$(TARGET_NAME)";
			};
			name = Release;
		};
/* End XCBuildConfiguration section */

/* Begin XCConfigurationList section */
		FC39F3F21F108A9A00BF300C /* Build configuration list for PBXProject "CaiPiaoApp" */ = {
			isa = XCConfigurationList;
			buildConfigurations = (
				FC39F40C1F108A9A00BF300C /* Debug */,
				FC39F40D1F108A9A00BF300C /* Release */,
			);
			defaultConfigurationIsVisible = 0;
			defaultConfigurationName = Release;
		};
		FC39F40E1F108A9A00BF300C /* Build configuration list for PBXNativeTarget "CaiPiaoApp" */ = {
			isa = XCConfigurationList;
			buildConfigurations = (
				FC39F40F1F108A9A00BF300C /* Debug */,
				FC39F4101F108A9A00BF300C /* Release */,
			);
			defaultConfigurationIsVisible = 0;
			defaultConfigurationName = Release;
		};
/* End XCConfigurationList section */
	};
	rootObject = FC39F3EF1F108A9A00BF300C /* Project object */;
}
